
Microsoft Visual Studio Solution File, Format Version 12.00
# Visual Studio 15
VisualStudioVersion = 15.0.28307.329
MinimumVisualStudioVersion = 10.0.40219.1
Project("{FAE04EC0-301F-11D3-BF4B-00C04F79EFBC}") = "SeleniumTutorial", "SeleniumTutorial\SeleniumTutorial.csproj", "{BBF6394E-56CA-4EAD-ACE8-6035DC711FF2}"
EndProject
Global
	GlobalSection(SolutionConfigurationPlatforms) = preSolution
		Debug|Any CPU = Debug|Any CPU
		Release|Any CPU = Release|Any CPU
	EndGlobalSection
	GlobalSection(ProjectConfigurationPlatforms) = postSolution
		{BBF6394E-56CA-4EAD-ACE8-6035DC711FF2}.Debug|Any CPU.ActiveCfg = Debug|Any CPU
		{BBF6394E-56CA-4EAD-ACE8-6035DC711FF2}.Debug|Any CPU.Build.0 = Debug|Any CPU
		{BBF6394E-56CA-4EAD-ACE8-6035DC711FF2}.Release|Any CPU.ActiveCfg = Release|Any CPU
		{BBF6394E-56CA-4EAD-ACE8-6035DC711FF2}.Release|Any CPU.Build.0 = Release|Any CPU
	EndGlobalSection
	GlobalSection(SolutionProperties) = preSolution
		HideSolutionNode = FALSE
	EndGlobalSection
	GlobalSection(ExtensibilityGlobals) = postSolution
		SolutionGuid = {7B756B79-030E-4C1C-A428-A2EE2C44501A}
	EndGlobalSection
EndGlobal
